
Microsoft Visual Studio Solution File, Format Version 12.00
# Visual Studio Version 16
VisualStudioVersion = 16.0.31019.35
MinimumVisualStudioVersion = 10.0.40219.1
Project("{8BC9CEB8-8B4A-11D0-8D11-00A0C91BC942}") = "Ch10Exercise11", "Ch10Exercise11\Ch10Exercise11.vcxproj", "{A190A91E-DB19-4BBA-81AA-5DACBBEACF26}"
EndProject
Global
	GlobalSection(SolutionConfigurationPlatforms) = preSolution
		Debug|x64 = Debug|x64
		Debug|x86 = Debug|x86
		Release|x64 = Release|x64
		Release|x86 = Release|x86
	EndGlobalSection
	GlobalSection(ProjectConfigurationPlatforms) = postSolution
		{A190A91E-DB19-4BBA-81AA-5DACBBEACF26}.Debug|x64.ActiveCfg = Debug|x64
		{A190A91E-DB19-4BBA-81AA-5DACBBEACF26}.Debug|x64.Build.0 = Debug|x64
		{A190A91E-DB19-4BBA-81AA-5DACBBEACF26}.Debug|x86.ActiveCfg = Debug|Win32
		{A190A91E-DB19-4BBA-81AA-5DACBBEACF26}.Debug|x86.Build.0 = Debug|Win32
		{A190A91E-DB19-4BBA-81AA-5DACBBEACF26}.Release|x64.ActiveCfg = Release|x64
		{A190A91E-DB19-4BBA-81AA-5DACBBEACF26}.Release|x64.Build.0 = Release|x64
		{A190A91E-DB19-4BBA-81AA-5DACBBEACF26}.Release|x86.ActiveCfg = Release|Win32
		{A190A91E-DB19-4BBA-81AA-5DACBBEACF26}.Release|x86.Build.0 = Release|Win32
	EndGlobalSection
	GlobalSection(SolutionProperties) = preSolution
		HideSolutionNode = FALSE
	EndGlobalSection
	GlobalSection(ExtensibilityGlobals) = postSolution
		SolutionGuid = {BA5C8AA3-A6BE-4BC9-88CF-7D86809E63B6}
	EndGlobalSection
EndGlobal
