
Microsoft Visual Studio Solution File, Format Version 12.00
# Visual Studio Version 16
VisualStudioVersion = 16.0.30204.135
MinimumVisualStudioVersion = 10.0.40219.1
Project("{8BC9CEB8-8B4A-11D0-8D11-00A0C91BC942}") = "Ch5Drill", "Ch5Drill\Ch5Drill.vcxproj", "{DAF935FB-71B5-4DA6-8EBD-4B4C64B58A50}"
EndProject
Global
	GlobalSection(SolutionConfigurationPlatforms) = preSolution
		Debug|x64 = Debug|x64
		Debug|x86 = Debug|x86
		Release|x64 = Release|x64
		Release|x86 = Release|x86
	EndGlobalSection
	GlobalSection(ProjectConfigurationPlatforms) = postSolution
		{DAF935FB-71B5-4DA6-8EBD-4B4C64B58A50}.Debug|x64.ActiveCfg = Debug|x64
		{DAF935FB-71B5-4DA6-8EBD-4B4C64B58A50}.Debug|x64.Build.0 = Debug|x64
		{DAF935FB-71B5-4DA6-8EBD-4B4C64B58A50}.Debug|x86.ActiveCfg = Debug|Win32
		{DAF935FB-71B5-4DA6-8EBD-4B4C64B58A50}.Debug|x86.Build.0 = Debug|Win32
		{DAF935FB-71B5-4DA6-8EBD-4B4C64B58A50}.Release|x64.ActiveCfg = Release|x64
		{DAF935FB-71B5-4DA6-8EBD-4B4C64B58A50}.Release|x64.Build.0 = Release|x64
		{DAF935FB-71B5-4DA6-8EBD-4B4C64B58A50}.Release|x86.ActiveCfg = Release|Win32
		{DAF935FB-71B5-4DA6-8EBD-4B4C64B58A50}.Release|x86.Build.0 = Release|Win32
	EndGlobalSection
	GlobalSection(SolutionProperties) = preSolution
		HideSolutionNode = FALSE
	EndGlobalSection
	GlobalSection(ExtensibilityGlobals) = postSolution
		SolutionGuid = {DA60779F-53EE-49D8-B1D5-8957DB675E3E}
	EndGlobalSection
EndGlobal
