
Microsoft Visual Studio Solution File, Format Version 12.00
# Visual Studio Version 16
VisualStudioVersion = 16.0.31019.35
MinimumVisualStudioVersion = 10.0.40219.1
Project("{8BC9CEB8-8B4A-11D0-8D11-00A0C91BC942}") = "Ch20TryThis", "Ch20TryThis.vcxproj", "{21DDF4BD-3E35-4137-AECC-229D750354AE}"
EndProject
Global
	GlobalSection(SolutionConfigurationPlatforms) = preSolution
		Debug|x64 = Debug|x64
		Debug|x86 = Debug|x86
		Release|x64 = Release|x64
		Release|x86 = Release|x86
	EndGlobalSection
	GlobalSection(ProjectConfigurationPlatforms) = postSolution
		{21DDF4BD-3E35-4137-AECC-229D750354AE}.Debug|x64.ActiveCfg = Debug|x64
		{21DDF4BD-3E35-4137-AECC-229D750354AE}.Debug|x64.Build.0 = Debug|x64
		{21DDF4BD-3E35-4137-AECC-229D750354AE}.Debug|x86.ActiveCfg = Debug|Win32
		{21DDF4BD-3E35-4137-AECC-229D750354AE}.Debug|x86.Build.0 = Debug|Win32
		{21DDF4BD-3E35-4137-AECC-229D750354AE}.Release|x64.ActiveCfg = Release|x64
		{21DDF4BD-3E35-4137-AECC-229D750354AE}.Release|x64.Build.0 = Release|x64
		{21DDF4BD-3E35-4137-AECC-229D750354AE}.Release|x86.ActiveCfg = Release|Win32
		{21DDF4BD-3E35-4137-AECC-229D750354AE}.Release|x86.Build.0 = Release|Win32
	EndGlobalSection
	GlobalSection(SolutionProperties) = preSolution
		HideSolutionNode = FALSE
	EndGlobalSection
	GlobalSection(ExtensibilityGlobals) = postSolution
		SolutionGuid = {70853145-C4FE-49A4-9A49-87EBDBE0EDE2}
	EndGlobalSection
EndGlobal
