
Microsoft Visual Studio Solution File, Format Version 12.00
# Visual Studio Version 16
VisualStudioVersion = 16.0.31019.35
MinimumVisualStudioVersion = 10.0.40219.1
Project("{8BC9CEB8-8B4A-11D0-8D11-00A0C91BC942}") = "Ch8Exercises9101112", "Ch8Exercises9101112\Ch8Exercises9101112.vcxproj", "{43A4D323-290D-48ED-BB19-E41AD3A71CDF}"
EndProject
Global
	GlobalSection(SolutionConfigurationPlatforms) = preSolution
		Debug|x64 = Debug|x64
		Debug|x86 = Debug|x86
		Release|x64 = Release|x64
		Release|x86 = Release|x86
	EndGlobalSection
	GlobalSection(ProjectConfigurationPlatforms) = postSolution
		{43A4D323-290D-48ED-BB19-E41AD3A71CDF}.Debug|x64.ActiveCfg = Debug|x64
		{43A4D323-290D-48ED-BB19-E41AD3A71CDF}.Debug|x64.Build.0 = Debug|x64
		{43A4D323-290D-48ED-BB19-E41AD3A71CDF}.Debug|x86.ActiveCfg = Debug|Win32
		{43A4D323-290D-48ED-BB19-E41AD3A71CDF}.Debug|x86.Build.0 = Debug|Win32
		{43A4D323-290D-48ED-BB19-E41AD3A71CDF}.Release|x64.ActiveCfg = Release|x64
		{43A4D323-290D-48ED-BB19-E41AD3A71CDF}.Release|x64.Build.0 = Release|x64
		{43A4D323-290D-48ED-BB19-E41AD3A71CDF}.Release|x86.ActiveCfg = Release|Win32
		{43A4D323-290D-48ED-BB19-E41AD3A71CDF}.Release|x86.Build.0 = Release|Win32
	EndGlobalSection
	GlobalSection(SolutionProperties) = preSolution
		HideSolutionNode = FALSE
	EndGlobalSection
	GlobalSection(ExtensibilityGlobals) = postSolution
		SolutionGuid = {EA6FF30E-0A9E-4BEF-A897-4D28634B1E80}
	EndGlobalSection
EndGlobal
